// !$*UTF8*$!
{
	archiveVersion = 1;
	classes = {
	};
	objectVersion = 46;
	objects = {

/* Begin PBXBuildFile section */
		232AE310CA5913EFAFD1A9DC /* Pods_Twitchy.framework in Frameworks */ = {isa = PBXBuildFile; fileRef = 327691B4D5C56AA37AF5CAE0 /* Pods_Twitchy.framework */; };
		701677451DD415500049063D /* AppDelegate.swift in Sources */ = {isa = PBXBuildFile; fileRef = 701677441DD415500049063D /* AppDelegate.swift */; };
		701677471DD415500049063D /* GamesViewController.swift in Sources */ = {isa = PBXBuildFile; fileRef = 701677461DD415500049063D /* GamesViewController.swift */; };
		7016774A1DD415500049063D /* Main.storyboard in Resources */ = {isa = PBXBuildFile; fileRef = 701677481DD415500049063D /* Main.storyboard */; };
		7016774C1DD415500049063D /* Assets.xcassets in Resources */ = {isa = PBXBuildFile; fileRef = 7016774B1DD415500049063D /* Assets.xcassets */; };
		7016774F1DD415500049063D /* LaunchScreen.storyboard in Resources */ = {isa = PBXBuildFile; fileRef = 7016774D1DD415500049063D /* LaunchScreen.storyboard */; };
		7016775B1DD681E70049063D /* Constants.swift in Sources */ = {isa = PBXBuildFile; fileRef = 7016775A1DD681E70049063D /* Constants.swift */; };
		7016775D1DD683440049063D /* StreamsViewController.swift in Sources */ = {isa = PBXBuildFile; fileRef = 7016775C1DD683440049063D /* StreamsViewController.swift */; };
		7016775F1DD686640049063D /* Game.swift in Sources */ = {isa = PBXBuildFile; fileRef = 7016775E1DD686640049063D /* Game.swift */; };
		706CE78A1DD6A79100AC9198 /* GameDataService.swift in Sources */ = {isa = PBXBuildFile; fileRef = 706CE7891DD6A79100AC9198 /* GameDataService.swift */; };
		706CE78D1DD6B76F00AC9198 /* GameCell.swift in Sources */ = {isa = PBXBuildFile; fileRef = 706CE78C1DD6B76F00AC9198 /* GameCell.swift */; };
		706CE78F1DD94D9D00AC9198 /* StreamCell.swift in Sources */ = {isa = PBXBuildFile; fileRef = 706CE78E1DD94D9D00AC9198 /* StreamCell.swift */; };
		706CE7911DD959A200AC9198 /* Stream.swift in Sources */ = {isa = PBXBuildFile; fileRef = 706CE7901DD959A200AC9198 /* Stream.swift */; };
		706CE7931DD95C1400AC9198 /* StreamDataService.swift in Sources */ = {isa = PBXBuildFile; fileRef = 706CE7921DD95C1400AC9198 /* StreamDataService.swift */; };
		706CE7951DDAD9C700AC9198 /* ChannelViewController.swift in Sources */ = {isa = PBXBuildFile; fileRef = 706CE7941DDAD9C700AC9198 /* ChannelViewController.swift */; };
/* End PBXBuildFile section */

/* Begin PBXFileReference section */
		327691B4D5C56AA37AF5CAE0 /* Pods_Twitchy.framework */ = {isa = PBXFileReference; explicitFileType = wrapper.framework; includeInIndex = 0; path = Pods_Twitchy.framework; sourceTree = BUILT_PRODUCTS_DIR; };
		4658908F2CC2976FE70496ED /* Pods-Twitchy.debug.xcconfig */ = {isa = PBXFileReference; includeInIndex = 1; lastKnownFileType = text.xcconfig; name = "Pods-Twitchy.debug.xcconfig"; path = "Pods/Target Support Files/Pods-Twitchy/Pods-Twitchy.debug.xcconfig"; sourceTree = "<group>"; };
		701677411DD415500049063D /* Twitchy.app */ = {isa = PBXFileReference; explicitFileType = wrapper.application; includeInIndex = 0; path = Twitchy.app; sourceTree = BUILT_PRODUCTS_DIR; };
		701677441DD415500049063D /* AppDelegate.swift */ = {isa = PBXFileReference; lastKnownFileType = sourcecode.swift; path = AppDelegate.swift; sourceTree = "<group>"; };
		701677461DD415500049063D /* GamesViewController.swift */ = {isa = PBXFileReference; lastKnownFileType = sourcecode.swift; path = GamesViewController.swift; sourceTree = "<group>"; };
		701677491DD415500049063D /* Base */ = {isa = PBXFileReference; lastKnownFileType = file.storyboard; name = Base; path = Base.lproj/Main.storyboard; sourceTree = "<group>"; };
		7016774B1DD415500049063D /* Assets.xcassets */ = {isa = PBXFileReference; lastKnownFileType = folder.assetcatalog; path = Assets.xcassets; sourceTree = "<group>"; };
		7016774E1DD415500049063D /* Base */ = {isa = PBXFileReference; lastKnownFileType = file.storyboard; name = Base; path = Base.lproj/LaunchScreen.storyboard; sourceTree = "<group>"; };
		701677501DD415500049063D /* Info.plist */ = {isa = PBXFileReference; lastKnownFileType = text.plist.xml; path = Info.plist; sourceTree = "<group>"; };
		7016775A1DD681E70049063D /* Constants.swift */ = {isa = PBXFileReference; fileEncoding = 4; lastKnownFileType = sourcecode.swift; path = Constants.swift; sourceTree = "<group>"; };
		7016775C1DD683440049063D /* StreamsViewController.swift */ = {isa = PBXFileReference; fileEncoding = 4; lastKnownFileType = sourcecode.swift; path = StreamsViewController.swift; sourceTree = "<group>"; };
		7016775E1DD686640049063D /* Game.swift */ = {isa = PBXFileReference; fileEncoding = 4; lastKnownFileType = sourcecode.swift; path = Game.swift; sourceTree = "<group>"; };
		706CE7891DD6A79100AC9198 /* GameDataService.swift */ = {isa = PBXFileReference; fileEncoding = 4; lastKnownFileType = sourcecode.swift; path = GameDataService.swift; sourceTree = "<group>"; };
		706CE78C1DD6B76F00AC9198 /* GameCell.swift */ = {isa = PBXFileReference; fileEncoding = 4; lastKnownFileType = sourcecode.swift; path = GameCell.swift; sourceTree = "<group>"; };
		706CE78E1DD94D9D00AC9198 /* StreamCell.swift */ = {isa = PBXFileReference; fileEncoding = 4; lastKnownFileType = sourcecode.swift; path = StreamCell.swift; sourceTree = "<group>"; };
		706CE7901DD959A200AC9198 /* Stream.swift */ = {isa = PBXFileReference; fileEncoding = 4; lastKnownFileType = sourcecode.swift; path = Stream.swift; sourceTree = "<group>"; };
		706CE7921DD95C1400AC9198 /* StreamDataService.swift */ = {isa = PBXFileReference; fileEncoding = 4; lastKnownFileType = sourcecode.swift; path = StreamDataService.swift; sourceTree = "<group>"; };
		706CE7941DDAD9C700AC9198 /* ChannelViewController.swift */ = {isa = PBXFileReference; fileEncoding = 4; lastKnownFileType = sourcecode.swift; path = ChannelViewController.swift; sourceTree = "<group>"; };
		B43F69E6CB969EDB4366F217 /* Pods-Twitchy.release.xcconfig */ = {isa = PBXFileReference; includeInIndex = 1; lastKnownFileType = text.xcconfig; name = "Pods-Twitchy.release.xcconfig"; path = "Pods/Target Support Files/Pods-Twitchy/Pods-Twitchy.release.xcconfig"; sourceTree = "<group>"; };
/* End PBXFileReference section */

/* Begin PBXFrameworksBuildPhase section */
		7016773E1DD415500049063D /* Frameworks */ = {
			isa = PBXFrameworksBuildPhase;
			buildActionMask = 2147483647;
			files = (
				232AE310CA5913EFAFD1A9DC /* Pods_Twitchy.framework in Frameworks */,
			);
			runOnlyForDeploymentPostprocessing = 0;
		};
/* End PBXFrameworksBuildPhase section */

/* Begin PBXGroup section */
		701677381DD415500049063D = {
			isa = PBXGroup;
			children = (
				701677431DD415500049063D /* Twitchy */,
				701677421DD415500049063D /* Products */,
				83861DB1B5F0D951508A52DA /* Pods */,
				8F6C04B75E1B7CAA9AFB6D03 /* Frameworks */,
			);
			sourceTree = "<group>";
		};
		701677421DD415500049063D /* Products */ = {
			isa = PBXGroup;
			children = (
				701677411DD415500049063D /* Twitchy.app */,
			);
			name = Products;
			sourceTree = "<group>";
		};
		701677431DD415500049063D /* Twitchy */ = {
			isa = PBXGroup;
			children = (
				701677561DD6817E0049063D /* Utilities */,
				706CE78B1DD6A79A00AC9198 /* Services */,
				701677571DD681A70049063D /* Model */,
				701677581DD681AE0049063D /* View */,
				701677591DD681B30049063D /* Controller */,
				701677441DD415500049063D /* AppDelegate.swift */,
				7016774B1DD415500049063D /* Assets.xcassets */,
				701677501DD415500049063D /* Info.plist */,
			);
			path = Twitchy;
			sourceTree = "<group>";
		};
		701677561DD6817E0049063D /* Utilities */ = {
			isa = PBXGroup;
			children = (
				7016775A1DD681E70049063D /* Constants.swift */,
			);
			name = Utilities;
			sourceTree = "<group>";
		};
		701677571DD681A70049063D /* Model */ = {
			isa = PBXGroup;
			children = (
				7016775E1DD686640049063D /* Game.swift */,
				706CE7901DD959A200AC9198 /* Stream.swift */,
			);
			name = Model;
			sourceTree = "<group>";
		};
		701677581DD681AE0049063D /* View */ = {
			isa = PBXGroup;
			children = (
				7016774D1DD415500049063D /* LaunchScreen.storyboard */,
				701677481DD415500049063D /* Main.storyboard */,
				706CE78C1DD6B76F00AC9198 /* GameCell.swift */,
				706CE78E1DD94D9D00AC9198 /* StreamCell.swift */,
			);
			name = View;
			sourceTree = "<group>";
		};
		701677591DD681B30049063D /* Controller */ = {
			isa = PBXGroup;
			children = (
				701677461DD415500049063D /* GamesViewController.swift */,
				7016775C1DD683440049063D /* StreamsViewController.swift */,
				706CE7941DDAD9C700AC9198 /* ChannelViewController.swift */,
			);
			name = Controller;
			sourceTree = "<group>";
		};
		706CE78B1DD6A79A00AC9198 /* Services */ = {
			isa = PBXGroup;
			children = (
				706CE7891DD6A79100AC9198 /* GameDataService.swift */,
				706CE7921DD95C1400AC9198 /* StreamDataService.swift */,
			);
			name = Services;
			sourceTree = "<group>";
		};
		83861DB1B5F0D951508A52DA /* Pods */ = {
			isa = PBXGroup;
			children = (
				4658908F2CC2976FE70496ED /* Pods-Twitchy.debug.xcconfig */,
				B43F69E6CB969EDB4366F217 /* Pods-Twitchy.release.xcconfig */,
			);
			name = Pods;
			sourceTree = "<group>";
		};
		8F6C04B75E1B7CAA9AFB6D03 /* Frameworks */ = {
			isa = PBXGroup;
			children = (
				327691B4D5C56AA37AF5CAE0 /* Pods_Twitchy.framework */,
			);
			name = Frameworks;
			sourceTree = "<group>";
		};
/* End PBXGroup section */

/* Begin PBXNativeTarget section */
		701677401DD415500049063D /* Twitchy */ = {
			isa = PBXNativeTarget;
			buildConfigurationList = 701677531DD415500049063D /* Build configuration list for PBXNativeTarget "Twitchy" */;
			buildPhases = (
				B78EC6E940E8F220444C0AD3 /* [CP] Check Pods Manifest.lock */,
				7016773D1DD415500049063D /* Sources */,
				7016773E1DD415500049063D /* Frameworks */,
				7016773F1DD415500049063D /* Resources */,
				71DD111ABE0A2D43213BC42F /* [CP] Embed Pods Frameworks */,
				E1502C4F9D11476ACDE96A91 /* [CP] Copy Pods Resources */,
			);
			buildRules = (
			);
			dependencies = (
			);
			name = Twitchy;
			productName = Twitchy;
			productReference = 701677411DD415500049063D /* Twitchy.app */;
			productType = "com.apple.product-type.application";
		};
/* End PBXNativeTarget section */

/* Begin PBXProject section */
		701677391DD415500049063D /* Project object */ = {
			isa = PBXProject;
			attributes = {
				LastSwiftUpdateCheck = 0810;
				LastUpgradeCheck = 0820;
				ORGANIZATIONNAME = "Max Peiros";
				TargetAttributes = {
					701677401DD415500049063D = {
						CreatedOnToolsVersion = 8.1;
						DevelopmentTeam = WRD8ABT3AF;
						LastSwiftMigration = 0810;
						ProvisioningStyle = Automatic;
					};
				};
			};
			buildConfigurationList = 7016773C1DD415500049063D /* Build configuration list for PBXProject "Twitchy" */;
			compatibilityVersion = "Xcode 3.2";
			developmentRegion = English;
			hasScannedForEncodings = 0;
			knownRegions = (
				en,
				Base,
			);
			mainGroup = 701677381DD415500049063D;
			productRefGroup = 701677421DD415500049063D /* Products */;
			projectDirPath = "";
			projectRoot = "";
			targets = (
				701677401DD415500049063D /* Twitchy */,
			);
		};
/* End PBXProject section */

/* Begin PBXResourcesBuildPhase section */
		7016773F1DD415500049063D /* Resources */ = {
			isa = PBXResourcesBuildPhase;
			buildActionMask = 2147483647;
			files = (
				7016774F1DD415500049063D /* LaunchScreen.storyboard in Resources */,
				7016774C1DD415500049063D /* Assets.xcassets in Resources */,
				7016774A1DD415500049063D /* Main.storyboard in Resources */,
			);
			runOnlyForDeploymentPostprocessing = 0;
		};
/* End PBXResourcesBuildPhase section */

/* Begin PBXShellScriptBuildPhase section */
		71DD111ABE0A2D43213BC42F /* [CP] Embed Pods Frameworks */ = {
			isa = PBXShellScriptBuildPhase;
			buildActionMask = 2147483647;
			files = (
			);
			inputPaths = (
			);
			name = "[CP] Embed Pods Frameworks";
			outputPaths = (
			);
			runOnlyForDeploymentPostprocessing = 0;
			shellPath = /bin/sh;
			shellScript = "\"${SRCROOT}/Pods/Target Support Files/Pods-Twitchy/Pods-Twitchy-frameworks.sh\"\n";
			showEnvVarsInLog = 0;
		};
		B78EC6E940E8F220444C0AD3 /* [CP] Check Pods Manifest.lock */ = {
			isa = PBXShellScriptBuildPhase;
			buildActionMask = 2147483647;
			files = (
			);
			inputPaths = (
			);
			name = "[CP] Check Pods Manifest.lock";
			outputPaths = (
			);
			runOnlyForDeploymentPostprocessing = 0;
			shellPath = /bin/sh;
			shellScript = "diff \"${PODS_ROOT}/../Podfile.lock\" \"${PODS_ROOT}/Manifest.lock\" > /dev/null\nif [ $? != 0 ] ; then\n    # print error to STDERR\n    echo \"error: The sandbox is not in sync with the Podfile.lock. Run 'pod install' or update your CocoaPods installation.\" >&2\n    exit 1\nfi\n";
			showEnvVarsInLog = 0;
		};
		E1502C4F9D11476ACDE96A91 /* [CP] Copy Pods Resources */ = {
			isa = PBXShellScriptBuildPhase;
			buildActionMask = 2147483647;
			files = (
			);
			inputPaths = (
			);
			name = "[CP] Copy Pods Resources";
			outputPaths = (
			);
			runOnlyForDeploymentPostprocessing = 0;
			shellPath = /bin/sh;
			shellScript = "\"${SRCROOT}/Pods/Target Support Files/Pods-Twitchy/Pods-Twitchy-resources.sh\"\n";
			showEnvVarsInLog = 0;
		};
/* End PBXShellScriptBuildPhase section */

/* Begin PBXSourcesBuildPhase section */
		7016773D1DD415500049063D /* Sources */ = {
			isa = PBXSourcesBuildPhase;
			buildActionMask = 2147483647;
			files = (
				701677471DD415500049063D /* GamesViewController.swift in Sources */,
				7016775F1DD686640049063D /* Game.swift in Sources */,
				701677451DD415500049063D /* AppDelegate.swift in Sources */,
				706CE78A1DD6A79100AC9198 /* GameDataService.swift in Sources */,
				7016775D1DD683440049063D /* StreamsViewController.swift in Sources */,
				7016775B1DD681E70049063D /* Constants.swift in Sources */,
				706CE78D1DD6B76F00AC9198 /* GameCell.swift in Sources */,
				706CE7951DDAD9C700AC9198 /* ChannelViewController.swift in Sources */,
				706CE7931DD95C1400AC9198 /* StreamDataService.swift in Sources */,
				706CE7911DD959A200AC9198 /* Stream.swift in Sources */,
				706CE78F1DD94D9D00AC9198 /* StreamCell.swift in Sources */,
			);
			runOnlyForDeploymentPostprocessing = 0;
		};
/* End PBXSourcesBuildPhase section */

/* Begin PBXVariantGroup section */
		701677481DD415500049063D /* Main.storyboard */ = {
			isa = PBXVariantGroup;
			children = (
				701677491DD415500049063D /* Base */,
			);
			name = Main.storyboard;
			sourceTree = "<group>";
		};
		7016774D1DD415500049063D /* LaunchScreen.storyboard */ = {
			isa = PBXVariantGroup;
			children = (
				7016774E1DD415500049063D /* Base */,
			);
			name = LaunchScreen.storyboard;
			sourceTree = "<group>";
		};
/* End PBXVariantGroup section */

/* Begin XCBuildConfiguration section */
		701677511DD415500049063D /* Debug */ = {
			isa = XCBuildConfiguration;
			buildSettings = {
				ALWAYS_SEARCH_USER_PATHS = NO;
				CLANG_ANALYZER_NONNULL = YES;
				CLANG_CXX_LANGUAGE_STANDARD = "gnu++0x";
				CLANG_CXX_LIBRARY = "libc++";
				CLANG_ENABLE_MODULES = YES;
				CLANG_ENABLE_OBJC_ARC = YES;
				CLANG_WARN_BOOL_CONVERSION = YES;
				CLANG_WARN_CONSTANT_CONVERSION = YES;
				CLANG_WARN_DIRECT_OBJC_ISA_USAGE = YES_ERROR;
				CLANG_WARN_DOCUMENTATION_COMMENTS = YES;
				CLANG_WARN_EMPTY_BODY = YES;
				CLANG_WARN_ENUM_CONVERSION = YES;
				CLANG_WARN_INFINITE_RECURSION = YES;
				CLANG_WARN_INT_CONVERSION = YES;
				CLANG_WARN_OBJC_ROOT_CLASS = YES_ERROR;
				CLANG_WARN_SUSPICIOUS_MOVE = YES;
				CLANG_WARN_SUSPICIOUS_MOVES = YES;
				CLANG_WARN_UNREACHABLE_CODE = YES;
				CLANG_WARN__DUPLICATE_METHOD_MATCH = YES;
				"CODE_SIGN_IDENTITY[sdk=iphoneos*]" = "iPhone Developer";
				COPY_PHASE_STRIP = NO;
				DEBUG_INFORMATION_FORMAT = dwarf;
				ENABLE_STRICT_OBJC_MSGSEND = YES;
				ENABLE_TESTABILITY = YES;
				GCC_C_LANGUAGE_STANDARD = gnu99;
				GCC_DYNAMIC_NO_PIC = NO;
				GCC_NO_COMMON_BLOCKS = YES;
				GCC_OPTIMIZATION_LEVEL = 0;
				GCC_PREPROCESSOR_DEFINITIONS = (
					"DEBUG=1",
					"$(inherited)",
				);
				GCC_WARN_64_TO_32_BIT_CONVERSION = YES;
				GCC_WARN_ABOUT_RETURN_TYPE = YES_ERROR;
				GCC_WARN_UNDECLARED_SELECTOR = YES;
				GCC_WARN_UNINITIALIZED_AUTOS = YES_AGGRESSIVE;
				GCC_WARN_UNUSED_FUNCTION = YES;
				GCC_WARN_UNUSED_VARIABLE = YES;
				IPHONEOS_DEPLOYMENT_TARGET = 10.1;
				MTL_ENABLE_DEBUG_INFO = YES;
				ONLY_ACTIVE_ARCH = YES;
				SDKROOT = iphoneos;
				SWIFT_ACTIVE_COMPILATION_CONDITIONS = DEBUG;
				SWIFT_OPTIMIZATION_LEVEL = "-Onone";
			};
			name = Debug;
		};
		701677521DD415500049063D /* Release */ = {
			isa = XCBuildConfiguration;
			buildSettings = {
				ALWAYS_SEARCH_USER_PATHS = NO;
				CLANG_ANALYZER_NONNULL = YES;
				CLANG_CXX_LANGUAGE_STANDARD = "gnu++0x";
				CLANG_CXX_LIBRARY = "libc++";
				CLANG_ENABLE_MODULES = YES;
				CLANG_ENABLE_OBJC_ARC = YES;
				CLANG_WARN_BOOL_CONVERSION = YES;
				CLANG_WARN_CONSTANT_CONVERSION = YES;
				CLANG_WARN_DIRECT_OBJC_ISA_USAGE = YES_ERROR;
				CLANG_WARN_DOCUMENTATION_COMMENTS = YES;
				CLANG_WARN_EMPTY_BODY = YES;
				CLANG_WARN_ENUM_CONVERSION = YES;
				CLANG_WARN_INFINITE_RECURSION = YES;
				CLANG_WARN_INT_CONVERSION = YES;
				CLANG_WARN_OBJC_ROOT_CLASS = YES_ERROR;
				CLANG_WARN_SUSPICIOUS_MOVE = YES;
				CLANG_WARN_SUSPICIOUS_MOVES = YES;
				CLANG_WARN_UNREACHABLE_CODE = YES;
				CLANG_WARN__DUPLICATE_METHOD_MATCH = YES;
				"CODE_SIGN_IDENTITY[sdk=iphoneos*]" = "iPhone Developer";
				COPY_PHASE_STRIP = NO;
				DEBUG_INFORMATION_FORMAT = "dwarf-with-dsym";
				ENABLE_NS_ASSERTIONS = NO;
				ENABLE_STRICT_OBJC_MSGSEND = YES;
				GCC_C_LANGUAGE_STANDARD = gnu99;
				GCC_NO_COMMON_BLOCKS = YES;
				GCC_WARN_64_TO_32_BIT_CONVERSION = YES;
				GCC_WARN_ABOUT_RETURN_TYPE = YES_ERROR;
				GCC_WARN_UNDECLARED_SELECTOR = YES;
				GCC_WARN_UNINITIALIZED_AUTOS = YES_AGGRESSIVE;
				GCC_WARN_UNUSED_FUNCTION = YES;
				GCC_WARN_UNUSED_VARIABLE = YES;
				IPHONEOS_DEPLOYMENT_TARGET = 10.1;
				MTL_ENABLE_DEBUG_INFO = NO;
				SDKROOT = iphoneos;
				SWIFT_OPTIMIZATION_LEVEL = "-Owholemodule";
				VALIDATE_PRODUCT = YES;
			};
			name = Release;
		};
		701677541DD415500049063D /* Debug */ = {
			isa = XCBuildConfiguration;
			baseConfigurationReference = 4658908F2CC2976FE70496ED /* Pods-Twitchy.debug.xcconfig */;
			buildSettings = {
				ALWAYS_EMBED_SWIFT_STANDARD_LIBRARIES = YES;
				ASSETCATALOG_COMPILER_APPICON_NAME = AppIcon;
				DEVELOPMENT_TEAM = WRD8ABT3AF;
				INFOPLIST_FILE = Twitchy/Info.plist;
				IPHONEOS_DEPLOYMENT_TARGET = 10.1;
				LD_RUNPATH_SEARCH_PATHS = "$(inherited) @executable_path/Frameworks";
				PRODUCT_BUNDLE_IDENTIFIER = com.maxpeiros.Twitchy;
				PRODUCT_NAME = "$(TARGET_NAME)";
				SWIFT_VERSION = 3.0;
			};
			name = Debug;
		};
		701677551DD415500049063D /* Release */ = {
			isa = XCBuildConfiguration;
			baseConfigurationReference = B43F69E6CB969EDB4366F217 /* Pods-Twitchy.release.xcconfig */;
			buildSettings = {
				ALWAYS_EMBED_SWIFT_STANDARD_LIBRARIES = YES;
				ASSETCATALOG_COMPILER_APPICON_NAME = AppIcon;
				DEVELOPMENT_TEAM = WRD8ABT3AF;
				INFOPLIST_FILE = Twitchy/Info.plist;
				IPHONEOS_DEPLOYMENT_TARGET = 10.1;
				LD_RUNPATH_SEARCH_PATHS = "$(inherited) @executable_path/Frameworks";
				PRODUCT_BUNDLE_IDENTIFIER = com.maxpeiros.Twitchy;
				PRODUCT_NAME = "$(TARGET_NAME)";
				SWIFT_VERSION = 3.0;
			};
			name = Release;
		};
/* End XCBuildConfiguration section */

/* Begin XCConfigurationList section */
		7016773C1DD415500049063D /* Build configuration list for PBXProject "Twitchy" */ = {
			isa = XCConfigurationList;
			buildConfigurations = (
				701677511DD415500049063D /* Debug */,
				701677521DD415500049063D /* Release */,
			);
			defaultConfigurationIsVisible = 0;
			defaultConfigurationName = Release;
		};
		701677531DD415500049063D /* Build configuration list for PBXNativeTarget "Twitchy" */ = {
			isa = XCConfigurationList;
			buildConfigurations = (
				701677541DD415500049063D /* Debug */,
				701677551DD415500049063D /* Release */,
			);
			defaultConfigurationIsVisible = 0;
			defaultConfigurationName = Release;
		};
/* End XCConfigurationList section */
	};
	rootObject = 701677391DD415500049063D /* Project object */;
}
